// !$*UTF8*$!
{
	archiveVersion = 1;
	classes = {
	};
	objectVersion = 56;
	objects = {

/* Begin PBXBuildFile section */
		440FE2A32BBE957D00F06CDD /* MemoViewModel.swift in Sources */ = {isa = PBXBuildFile; fileRef = 440FE2A22BBE957D00F06CDD /* MemoViewModel.swift */; };
		44DA6E002BBA497B004CF70E /* voiceMemoApp.swift in Sources */ = {isa = PBXBuildFile; fileRef = 44DA6DFF2BBA497B004CF70E /* voiceMemoApp.swift */; };
		44DA6E042BBA497D004CF70E /* Assets.xcassets in Resources */ = {isa = PBXBuildFile; fileRef = 44DA6E032BBA497D004CF70E /* Assets.xcassets */; };
		44DA6E072BBA497D004CF70E /* Preview Assets.xcassets in Resources */ = {isa = PBXBuildFile; fileRef = 44DA6E062BBA497D004CF70E /* Preview Assets.xcassets */; };
		44DA6E0F2BBA49F3004CF70E /* LaunchScreen.storyboard in Resources */ = {isa = PBXBuildFile; fileRef = 44DA6E0E2BBA49F3004CF70E /* LaunchScreen.storyboard */; };
		44DA6E112BBA4A73004CF70E /* AppDelegate.swift in Sources */ = {isa = PBXBuildFile; fileRef = 44DA6E102BBA4A73004CF70E /* AppDelegate.swift */; };
		44DA6E1D2BBA5371004CF70E /* Color+Extensions.swift in Sources */ = {isa = PBXBuildFile; fileRef = 44DA6E1C2BBA5371004CF70E /* Color+Extensions.swift */; };
		44DA6E252BBA5482004CF70E /* OnboardingContent.swift in Sources */ = {isa = PBXBuildFile; fileRef = 44DA6E242BBA5482004CF70E /* OnboardingContent.swift */; };
		44DA6E272BBA5531004CF70E /* OnboardingViewModel.swift in Sources */ = {isa = PBXBuildFile; fileRef = 44DA6E262BBA5531004CF70E /* OnboardingViewModel.swift */; };
		44DA6E292BBA569D004CF70E /* OnboardingView.swift in Sources */ = {isa = PBXBuildFile; fileRef = 44DA6E282BBA569D004CF70E /* OnboardingView.swift */; };
		44DA6E2D2BBC0524004CF70E /* PathType.swift in Sources */ = {isa = PBXBuildFile; fileRef = 44DA6E2C2BBC0524004CF70E /* PathType.swift */; };
		44DA6E2F2BBC0553004CF70E /* PathModel.swift in Sources */ = {isa = PBXBuildFile; fileRef = 44DA6E2E2BBC0553004CF70E /* PathModel.swift */; };
		44DA6E312BBC0694004CF70E /* HomeView.swift in Sources */ = {isa = PBXBuildFile; fileRef = 44DA6E302BBC0694004CF70E /* HomeView.swift */; };
		44DA6E352BBC0735004CF70E /* MemoView.swift in Sources */ = {isa = PBXBuildFile; fileRef = 44DA6E342BBC0735004CF70E /* MemoView.swift */; };
		44DA6E392BBC0751004CF70E /* TodoView.swift in Sources */ = {isa = PBXBuildFile; fileRef = 44DA6E382BBC0751004CF70E /* TodoView.swift */; };
		44DA6E3B2BBCEC34004CF70E /* Date+Extensions.swift in Sources */ = {isa = PBXBuildFile; fileRef = 44DA6E3A2BBCEC34004CF70E /* Date+Extensions.swift */; };
		44DA6E3D2BBCEED8004CF70E /* CustomNavigationBar.swift in Sources */ = {isa = PBXBuildFile; fileRef = 44DA6E3C2BBCEED8004CF70E /* CustomNavigationBar.swift */; };
		44DA6E3F2BBCEF84004CF70E /* NavigationBtnType.swift in Sources */ = {isa = PBXBuildFile; fileRef = 44DA6E3E2BBCEF84004CF70E /* NavigationBtnType.swift */; };
		44DA6E412BBCF276004CF70E /* Todo.swift in Sources */ = {isa = PBXBuildFile; fileRef = 44DA6E402BBCF276004CF70E /* Todo.swift */; };
		44DA6E432BBD21D4004CF70E /* TodoViewModel.swift in Sources */ = {isa = PBXBuildFile; fileRef = 44DA6E422BBD21D4004CF70E /* TodoViewModel.swift */; };
		44DA6E452BBD220A004CF70E /* TodoListViewModel.swift in Sources */ = {isa = PBXBuildFile; fileRef = 44DA6E442BBD220A004CF70E /* TodoListViewModel.swift */; };
		44DA6E472BBD2216004CF70E /* TodoListView.swift in Sources */ = {isa = PBXBuildFile; fileRef = 44DA6E462BBD2216004CF70E /* TodoListView.swift */; };
		44DA6E492BBD8423004CF70E /* Memo.swift in Sources */ = {isa = PBXBuildFile; fileRef = 44DA6E482BBD8423004CF70E /* Memo.swift */; };
		44DA6E4B2BBD849E004CF70E /* MemoListViewModel.swift in Sources */ = {isa = PBXBuildFile; fileRef = 44DA6E4A2BBD849E004CF70E /* MemoListViewModel.swift */; };
		44DA6E4D2BBD84AB004CF70E /* MemoListView.swift in Sources */ = {isa = PBXBuildFile; fileRef = 44DA6E4C2BBD84AB004CF70E /* MemoListView.swift */; };
/* End PBXBuildFile section */

/* Begin PBXFileReference section */
		440FE2A22BBE957D00F06CDD /* MemoViewModel.swift */ = {isa = PBXFileReference; lastKnownFileType = sourcecode.swift; path = MemoViewModel.swift; sourceTree = "<group>"; };
		44DA6DFC2BBA497B004CF70E /* voiceMemo.app */ = {isa = PBXFileReference; explicitFileType = wrapper.application; includeInIndex = 0; path = voiceMemo.app; sourceTree = BUILT_PRODUCTS_DIR; };
		44DA6DFF2BBA497B004CF70E /* voiceMemoApp.swift */ = {isa = PBXFileReference; lastKnownFileType = sourcecode.swift; path = voiceMemoApp.swift; sourceTree = "<group>"; };
		44DA6E032BBA497D004CF70E /* Assets.xcassets */ = {isa = PBXFileReference; lastKnownFileType = folder.assetcatalog; path = Assets.xcassets; sourceTree = "<group>"; };
		44DA6E062BBA497D004CF70E /* Preview Assets.xcassets */ = {isa = PBXFileReference; lastKnownFileType = folder.assetcatalog; path = "Preview Assets.xcassets"; sourceTree = "<group>"; };
		44DA6E0E2BBA49F3004CF70E /* LaunchScreen.storyboard */ = {isa = PBXFileReference; lastKnownFileType = file.storyboard; path = LaunchScreen.storyboard; sourceTree = "<group>"; };
		44DA6E102BBA4A73004CF70E /* AppDelegate.swift */ = {isa = PBXFileReference; lastKnownFileType = sourcecode.swift; path = AppDelegate.swift; sourceTree = "<group>"; };
		44DA6E1C2BBA5371004CF70E /* Color+Extensions.swift */ = {isa = PBXFileReference; lastKnownFileType = sourcecode.swift; path = "Color+Extensions.swift"; sourceTree = "<group>"; };
		44DA6E242BBA5482004CF70E /* OnboardingContent.swift */ = {isa = PBXFileReference; lastKnownFileType = sourcecode.swift; path = OnboardingContent.swift; sourceTree = "<group>"; };
		44DA6E262BBA5531004CF70E /* OnboardingViewModel.swift */ = {isa = PBXFileReference; lastKnownFileType = sourcecode.swift; path = OnboardingViewModel.swift; sourceTree = "<group>"; };
		44DA6E282BBA569D004CF70E /* OnboardingView.swift */ = {isa = PBXFileReference; lastKnownFileType = sourcecode.swift; path = OnboardingView.swift; sourceTree = "<group>"; };
		44DA6E2C2BBC0524004CF70E /* PathType.swift */ = {isa = PBXFileReference; lastKnownFileType = sourcecode.swift; path = PathType.swift; sourceTree = "<group>"; };
		44DA6E2E2BBC0553004CF70E /* PathModel.swift */ = {isa = PBXFileReference; lastKnownFileType = sourcecode.swift; path = PathModel.swift; sourceTree = "<group>"; };
		44DA6E302BBC0694004CF70E /* HomeView.swift */ = {isa = PBXFileReference; lastKnownFileType = sourcecode.swift; path = HomeView.swift; sourceTree = "<group>"; };
		44DA6E342BBC0735004CF70E /* MemoView.swift */ = {isa = PBXFileReference; lastKnownFileType = sourcecode.swift; path = MemoView.swift; sourceTree = "<group>"; };
		44DA6E382BBC0751004CF70E /* TodoView.swift */ = {isa = PBXFileReference; lastKnownFileType = sourcecode.swift; path = TodoView.swift; sourceTree = "<group>"; };
		44DA6E3A2BBCEC34004CF70E /* Date+Extensions.swift */ = {isa = PBXFileReference; lastKnownFileType = sourcecode.swift; path = "Date+Extensions.swift"; sourceTree = "<group>"; };
		44DA6E3C2BBCEED8004CF70E /* CustomNavigationBar.swift */ = {isa = PBXFileReference; lastKnownFileType = sourcecode.swift; path = CustomNavigationBar.swift; sourceTree = "<group>"; };
		44DA6E3E2BBCEF84004CF70E /* NavigationBtnType.swift */ = {isa = PBXFileReference; lastKnownFileType = sourcecode.swift; path = NavigationBtnType.swift; sourceTree = "<group>"; };
		44DA6E402BBCF276004CF70E /* Todo.swift */ = {isa = PBXFileReference; lastKnownFileType = sourcecode.swift; path = Todo.swift; sourceTree = "<group>"; };
		44DA6E422BBD21D4004CF70E /* TodoViewModel.swift */ = {isa = PBXFileReference; lastKnownFileType = sourcecode.swift; path = TodoViewModel.swift; sourceTree = "<group>"; };
		44DA6E442BBD220A004CF70E /* TodoListViewModel.swift */ = {isa = PBXFileReference; lastKnownFileType = sourcecode.swift; path = TodoListViewModel.swift; sourceTree = "<group>"; };
		44DA6E462BBD2216004CF70E /* TodoListView.swift */ = {isa = PBXFileReference; lastKnownFileType = sourcecode.swift; path = TodoListView.swift; sourceTree = "<group>"; };
		44DA6E482BBD8423004CF70E /* Memo.swift */ = {isa = PBXFileReference; lastKnownFileType = sourcecode.swift; path = Memo.swift; sourceTree = "<group>"; };
		44DA6E4A2BBD849E004CF70E /* MemoListViewModel.swift */ = {isa = PBXFileReference; lastKnownFileType = sourcecode.swift; path = MemoListViewModel.swift; sourceTree = "<group>"; };
		44DA6E4C2BBD84AB004CF70E /* MemoListView.swift */ = {isa = PBXFileReference; lastKnownFileType = sourcecode.swift; path = MemoListView.swift; sourceTree = "<group>"; };
/* End PBXFileReference section */

/* Begin PBXFrameworksBuildPhase section */
		44DA6DF92BBA497B004CF70E /* Frameworks */ = {
			isa = PBXFrameworksBuildPhase;
			buildActionMask = 2147483647;
			files = (
			);
			runOnlyForDeploymentPostprocessing = 0;
		};
/* End PBXFrameworksBuildPhase section */

/* Begin PBXGroup section */
		44DA6DF32BBA497B004CF70E = {
			isa = PBXGroup;
			children = (
				44DA6DFE2BBA497B004CF70E /* voiceMemo */,
				44DA6DFD2BBA497B004CF70E /* Products */,
			);
			sourceTree = "<group>";
		};
		44DA6DFD2BBA497B004CF70E /* Products */ = {
			isa = PBXGroup;
			children = (
				44DA6DFC2BBA497B004CF70E /* voiceMemo.app */,
			);
			name = Products;
			sourceTree = "<group>";
		};
		44DA6DFE2BBA497B004CF70E /* voiceMemo */ = {
			isa = PBXGroup;
			children = (
				44DA6E0D2BBA49E2004CF70E /* App */,
				44DA6E122BBA4A82004CF70E /* Core */,
				44DA6E152BBA4B05004CF70E /* Component */,
				44DA6E182BBA4B37004CF70E /* Feature */,
				44DA6E1B2BBA4B60004CF70E /* Model */,
				44DA6E032BBA497D004CF70E /* Assets.xcassets */,
				44DA6E052BBA497D004CF70E /* Preview Content */,
			);
			path = voiceMemo;
			sourceTree = "<group>";
		};
		44DA6E052BBA497D004CF70E /* Preview Content */ = {
			isa = PBXGroup;
			children = (
				44DA6E062BBA497D004CF70E /* Preview Assets.xcassets */,
			);
			path = "Preview Content";
			sourceTree = "<group>";
		};
		44DA6E0D2BBA49E2004CF70E /* App */ = {
			isa = PBXGroup;
			children = (
				44DA6DFF2BBA497B004CF70E /* voiceMemoApp.swift */,
				44DA6E102BBA4A73004CF70E /* AppDelegate.swift */,
				44DA6E0E2BBA49F3004CF70E /* LaunchScreen.storyboard */,
			);
			path = App;
			sourceTree = "<group>";
		};
		44DA6E122BBA4A82004CF70E /* Core */ = {
			isa = PBXGroup;
			children = (
				44DA6E132BBA4AE6004CF70E /* Service */,
				44DA6E142BBA4AEF004CF70E /* Extension */,
			);
			path = Core;
			sourceTree = "<group>";
		};
		44DA6E132BBA4AE6004CF70E /* Service */ = {
			isa = PBXGroup;
			children = (
			);
			path = Service;
			sourceTree = "<group>";
		};
		44DA6E142BBA4AEF004CF70E /* Extension */ = {
			isa = PBXGroup;
			children = (
				44DA6E3A2BBCEC34004CF70E /* Date+Extensions.swift */,
				44DA6E1C2BBA5371004CF70E /* Color+Extensions.swift */,
			);
			path = Extension;
			sourceTree = "<group>";
		};
		44DA6E152BBA4B05004CF70E /* Component */ = {
			isa = PBXGroup;
			children = (
				44DA6E162BBA4B1D004CF70E /* CustomView */,
				44DA6E172BBA4B26004CF70E /* NavigationBar */,
			);
			path = Component;
			sourceTree = "<group>";
		};
		44DA6E162BBA4B1D004CF70E /* CustomView */ = {
			isa = PBXGroup;
			children = (
			);
			path = CustomView;
			sourceTree = "<group>";
		};
		44DA6E172BBA4B26004CF70E /* NavigationBar */ = {
			isa = PBXGroup;
			children = (
				44DA6E3C2BBCEED8004CF70E /* CustomNavigationBar.swift */,
				44DA6E3E2BBCEF84004CF70E /* NavigationBtnType.swift */,
			);
			path = NavigationBar;
			sourceTree = "<group>";
		};
		44DA6E182BBA4B37004CF70E /* Feature */ = {
			isa = PBXGroup;
			children = (
				44DA6E192BBA4B45004CF70E /* Onboarding */,
				44DA6E1A2BBA4B4C004CF70E /* Home */,
			);
			path = Feature;
			sourceTree = "<group>";
		};
		44DA6E192BBA4B45004CF70E /* Onboarding */ = {
			isa = PBXGroup;
			children = (
				44DA6E282BBA569D004CF70E /* OnboardingView.swift */,
				44DA6E262BBA5531004CF70E /* OnboardingViewModel.swift */,
			);
			path = Onboarding;
			sourceTree = "<group>";
		};
		44DA6E1A2BBA4B4C004CF70E /* Home */ = {
			isa = PBXGroup;
			children = (
				44DA6E302BBC0694004CF70E /* HomeView.swift */,
				44DA6E322BBC071B004CF70E /* MemoList */,
				44DA6E362BBC0744004CF70E /* TodoList */,
			);
			path = Home;
			sourceTree = "<group>";
		};
		44DA6E1B2BBA4B60004CF70E /* Model */ = {
			isa = PBXGroup;
			children = (
				44DA6E232BBA5472004CF70E /* Path */,
				44DA6E222BBA546C004CF70E /* Onboarding */,
				44DA6E212BBA5468004CF70E /* Home */,
				44DA6E202BBA5463004CF70E /* Todo */,
				44DA6E1F2BBA545F004CF70E /* Memo */,
				44DA6E1E2BBA544A004CF70E /* Timer */,
			);
			path = Model;
			sourceTree = "<group>";
		};
		44DA6E1E2BBA544A004CF70E /* Timer */ = {
			isa = PBXGroup;
			children = (
			);
			path = Timer;
			sourceTree = "<group>";
		};
		44DA6E1F2BBA545F004CF70E /* Memo */ = {
			isa = PBXGroup;
			children = (
				44DA6E482BBD8423004CF70E /* Memo.swift */,
			);
			path = Memo;
			sourceTree = "<group>";
		};
		44DA6E202BBA5463004CF70E /* Todo */ = {
			isa = PBXGroup;
			children = (
				44DA6E402BBCF276004CF70E /* Todo.swift */,
			);
			path = Todo;
			sourceTree = "<group>";
		};
		44DA6E212BBA5468004CF70E /* Home */ = {
			isa = PBXGroup;
			children = (
			);
			path = Home;
			sourceTree = "<group>";
		};
		44DA6E222BBA546C004CF70E /* Onboarding */ = {
			isa = PBXGroup;
			children = (
				44DA6E242BBA5482004CF70E /* OnboardingContent.swift */,
			);
			path = Onboarding;
			sourceTree = "<group>";
		};
		44DA6E232BBA5472004CF70E /* Path */ = {
			isa = PBXGroup;
			children = (
				44DA6E2E2BBC0553004CF70E /* PathModel.swift */,
				44DA6E2C2BBC0524004CF70E /* PathType.swift */,
			);
			path = Path;
			sourceTree = "<group>";
		};
		44DA6E322BBC071B004CF70E /* MemoList */ = {
			isa = PBXGroup;
			children = (
				44DA6E332BBC0729004CF70E /* Memo */,
				44DA6E4C2BBD84AB004CF70E /* MemoListView.swift */,
				44DA6E4A2BBD849E004CF70E /* MemoListViewModel.swift */,
			);
			path = MemoList;
			sourceTree = "<group>";
		};
		44DA6E332BBC0729004CF70E /* Memo */ = {
			isa = PBXGroup;
			children = (
				44DA6E342BBC0735004CF70E /* MemoView.swift */,
				440FE2A22BBE957D00F06CDD /* MemoViewModel.swift */,
			);
			path = Memo;
			sourceTree = "<group>";
		};
		44DA6E362BBC0744004CF70E /* TodoList */ = {
			isa = PBXGroup;
			children = (
				44DA6E372BBC074A004CF70E /* Todo */,
				44DA6E462BBD2216004CF70E /* TodoListView.swift */,
				44DA6E442BBD220A004CF70E /* TodoListViewModel.swift */,
			);
			path = TodoList;
			sourceTree = "<group>";
		};
		44DA6E372BBC074A004CF70E /* Todo */ = {
			isa = PBXGroup;
			children = (
				44DA6E382BBC0751004CF70E /* TodoView.swift */,
				44DA6E422BBD21D4004CF70E /* TodoViewModel.swift */,
			);
			path = Todo;
			sourceTree = "<group>";
		};
/* End PBXGroup section */

/* Begin PBXNativeTarget section */
		44DA6DFB2BBA497B004CF70E /* voiceMemo */ = {
			isa = PBXNativeTarget;
			buildConfigurationList = 44DA6E0A2BBA497D004CF70E /* Build configuration list for PBXNativeTarget "voiceMemo" */;
			buildPhases = (
				44DA6DF82BBA497B004CF70E /* Sources */,
				44DA6DF92BBA497B004CF70E /* Frameworks */,
				44DA6DFA2BBA497B004CF70E /* Resources */,
			);
			buildRules = (
			);
			dependencies = (
			);
			name = voiceMemo;
			productName = voiceMemo;
			productReference = 44DA6DFC2BBA497B004CF70E /* voiceMemo.app */;
			productType = "com.apple.product-type.application";
		};
/* End PBXNativeTarget section */

/* Begin PBXProject section */
		44DA6DF42BBA497B004CF70E /* Project object */ = {
			isa = PBXProject;
			attributes = {
				BuildIndependentTargetsInParallel = 1;
				LastSwiftUpdateCheck = 1430;
				LastUpgradeCheck = 1430;
				TargetAttributes = {
					44DA6DFB2BBA497B004CF70E = {
						CreatedOnToolsVersion = 14.3.1;
					};
				};
			};
			buildConfigurationList = 44DA6DF72BBA497B004CF70E /* Build configuration list for PBXProject "voiceMemo" */;
			compatibilityVersion = "Xcode 14.0";
			developmentRegion = en;
			hasScannedForEncodings = 0;
			knownRegions = (
				en,
				Base,
			);
			mainGroup = 44DA6DF32BBA497B004CF70E;
			productRefGroup = 44DA6DFD2BBA497B004CF70E /* Products */;
			projectDirPath = "";
			projectRoot = "";
			targets = (
				44DA6DFB2BBA497B004CF70E /* voiceMemo */,
			);
		};
/* End PBXProject section */

/* Begin PBXResourcesBuildPhase section */
		44DA6DFA2BBA497B004CF70E /* Resources */ = {
			isa = PBXResourcesBuildPhase;
			buildActionMask = 2147483647;
			files = (
				44DA6E0F2BBA49F3004CF70E /* LaunchScreen.storyboard in Resources */,
				44DA6E072BBA497D004CF70E /* Preview Assets.xcassets in Resources */,
				44DA6E042BBA497D004CF70E /* Assets.xcassets in Resources */,
			);
			runOnlyForDeploymentPostprocessing = 0;
		};
/* End PBXResourcesBuildPhase section */

/* Begin PBXSourcesBuildPhase section */
		44DA6DF82BBA497B004CF70E /* Sources */ = {
			isa = PBXSourcesBuildPhase;
			buildActionMask = 2147483647;
			files = (
				44DA6E432BBD21D4004CF70E /* TodoViewModel.swift in Sources */,
				44DA6E352BBC0735004CF70E /* MemoView.swift in Sources */,
				44DA6E312BBC0694004CF70E /* HomeView.swift in Sources */,
				44DA6E452BBD220A004CF70E /* TodoListViewModel.swift in Sources */,
				44DA6E2F2BBC0553004CF70E /* PathModel.swift in Sources */,
				44DA6E272BBA5531004CF70E /* OnboardingViewModel.swift in Sources */,
				44DA6E412BBCF276004CF70E /* Todo.swift in Sources */,
				44DA6E252BBA5482004CF70E /* OnboardingContent.swift in Sources */,
				44DA6E3D2BBCEED8004CF70E /* CustomNavigationBar.swift in Sources */,
				44DA6E3F2BBCEF84004CF70E /* NavigationBtnType.swift in Sources */,
				44DA6E3B2BBCEC34004CF70E /* Date+Extensions.swift in Sources */,
				44DA6E4D2BBD84AB004CF70E /* MemoListView.swift in Sources */,
				44DA6E492BBD8423004CF70E /* Memo.swift in Sources */,
				44DA6E112BBA4A73004CF70E /* AppDelegate.swift in Sources */,
				44DA6E292BBA569D004CF70E /* OnboardingView.swift in Sources */,
				44DA6E002BBA497B004CF70E /* voiceMemoApp.swift in Sources */,
				440FE2A32BBE957D00F06CDD /* MemoViewModel.swift in Sources */,
				44DA6E472BBD2216004CF70E /* TodoListView.swift in Sources */,
				44DA6E4B2BBD849E004CF70E /* MemoListViewModel.swift in Sources */,
				44DA6E1D2BBA5371004CF70E /* Color+Extensions.swift in Sources */,
				44DA6E392BBC0751004CF70E /* TodoView.swift in Sources */,
				44DA6E2D2BBC0524004CF70E /* PathType.swift in Sources */,
			);
			runOnlyForDeploymentPostprocessing = 0;
		};
/* End PBXSourcesBuildPhase section */

/* Begin XCBuildConfiguration section */
		44DA6E082BBA497D004CF70E /* Debug */ = {
			isa = XCBuildConfiguration;
			buildSettings = {
				ALWAYS_SEARCH_USER_PATHS = NO;
				CLANG_ANALYZER_NONNULL = YES;
				CLANG_ANALYZER_NUMBER_OBJECT_CONVERSION = YES_AGGRESSIVE;
				CLANG_CXX_LANGUAGE_STANDARD = "gnu++20";
				CLANG_ENABLE_MODULES = YES;
				CLANG_ENABLE_OBJC_ARC = YES;
				CLANG_ENABLE_OBJC_WEAK = YES;
				CLANG_WARN_BLOCK_CAPTURE_AUTORELEASING = YES;
				CLANG_WARN_BOOL_CONVERSION = YES;
				CLANG_WARN_COMMA = YES;
				CLANG_WARN_CONSTANT_CONVERSION = YES;
				CLANG_WARN_DEPRECATED_OBJC_IMPLEMENTATIONS = YES;
				CLANG_WARN_DIRECT_OBJC_ISA_USAGE = YES_ERROR;
				CLANG_WARN_DOCUMENTATION_COMMENTS = YES;
				CLANG_WARN_EMPTY_BODY = YES;
				CLANG_WARN_ENUM_CONVERSION = YES;
				CLANG_WARN_INFINITE_RECURSION = YES;
				CLANG_WARN_INT_CONVERSION = YES;
				CLANG_WARN_NON_LITERAL_NULL_CONVERSION = YES;
				CLANG_WARN_OBJC_IMPLICIT_RETAIN_SELF = YES;
				CLANG_WARN_OBJC_LITERAL_CONVERSION = YES;
				CLANG_WARN_OBJC_ROOT_CLASS = YES_ERROR;
				CLANG_WARN_QUOTED_INCLUDE_IN_FRAMEWORK_HEADER = YES;
				CLANG_WARN_RANGE_LOOP_ANALYSIS = YES;
				CLANG_WARN_STRICT_PROTOTYPES = YES;
				CLANG_WARN_SUSPICIOUS_MOVE = YES;
				CLANG_WARN_UNGUARDED_AVAILABILITY = YES_AGGRESSIVE;
				CLANG_WARN_UNREACHABLE_CODE = YES;
				CLANG_WARN__DUPLICATE_METHOD_MATCH = YES;
				COPY_PHASE_STRIP = NO;
				DEBUG_INFORMATION_FORMAT = dwarf;
				ENABLE_STRICT_OBJC_MSGSEND = YES;
				ENABLE_TESTABILITY = YES;
				GCC_C_LANGUAGE_STANDARD = gnu11;
				GCC_DYNAMIC_NO_PIC = NO;
				GCC_NO_COMMON_BLOCKS = YES;
				GCC_OPTIMIZATION_LEVEL = 0;
				GCC_PREPROCESSOR_DEFINITIONS = (
					"DEBUG=1",
					"$(inherited)",
				);
				GCC_WARN_64_TO_32_BIT_CONVERSION = YES;
				GCC_WARN_ABOUT_RETURN_TYPE = YES_ERROR;
				GCC_WARN_UNDECLARED_SELECTOR = YES;
				GCC_WARN_UNINITIALIZED_AUTOS = YES_AGGRESSIVE;
				GCC_WARN_UNUSED_FUNCTION = YES;
				GCC_WARN_UNUSED_VARIABLE = YES;
				IPHONEOS_DEPLOYMENT_TARGET = 16.4;
				MTL_ENABLE_DEBUG_INFO = INCLUDE_SOURCE;
				MTL_FAST_MATH = YES;
				ONLY_ACTIVE_ARCH = YES;
				SDKROOT = iphoneos;
				SWIFT_ACTIVE_COMPILATION_CONDITIONS = DEBUG;
				SWIFT_OPTIMIZATION_LEVEL = "-Onone";
			};
			name = Debug;
		};
		44DA6E092BBA497D004CF70E /* Release */ = {
			isa = XCBuildConfiguration;
			buildSettings = {
				ALWAYS_SEARCH_USER_PATHS = NO;
				CLANG_ANALYZER_NONNULL = YES;
				CLANG_ANALYZER_NUMBER_OBJECT_CONVERSION = YES_AGGRESSIVE;
				CLANG_CXX_LANGUAGE_STANDARD = "gnu++20";
				CLANG_ENABLE_MODULES = YES;
				CLANG_ENABLE_OBJC_ARC = YES;
				CLANG_ENABLE_OBJC_WEAK = YES;
				CLANG_WARN_BLOCK_CAPTURE_AUTORELEASING = YES;
				CLANG_WARN_BOOL_CONVERSION = YES;
				CLANG_WARN_COMMA = YES;
				CLANG_WARN_CONSTANT_CONVERSION = YES;
				CLANG_WARN_DEPRECATED_OBJC_IMPLEMENTATIONS = YES;
				CLANG_WARN_DIRECT_OBJC_ISA_USAGE = YES_ERROR;
				CLANG_WARN_DOCUMENTATION_COMMENTS = YES;
				CLANG_WARN_EMPTY_BODY = YES;
				CLANG_WARN_ENUM_CONVERSION = YES;
				CLANG_WARN_INFINITE_RECURSION = YES;
				CLANG_WARN_INT_CONVERSION = YES;
				CLANG_WARN_NON_LITERAL_NULL_CONVERSION = YES;
				CLANG_WARN_OBJC_IMPLICIT_RETAIN_SELF = YES;
				CLANG_WARN_OBJC_LITERAL_CONVERSION = YES;
				CLANG_WARN_OBJC_ROOT_CLASS = YES_ERROR;
				CLANG_WARN_QUOTED_INCLUDE_IN_FRAMEWORK_HEADER = YES;
				CLANG_WARN_RANGE_LOOP_ANALYSIS = YES;
				CLANG_WARN_STRICT_PROTOTYPES = YES;
				CLANG_WARN_SUSPICIOUS_MOVE = YES;
				CLANG_WARN_UNGUARDED_AVAILABILITY = YES_AGGRESSIVE;
				CLANG_WARN_UNREACHABLE_CODE = YES;
				CLANG_WARN__DUPLICATE_METHOD_MATCH = YES;
				COPY_PHASE_STRIP = NO;
				DEBUG_INFORMATION_FORMAT = "dwarf-with-dsym";
				ENABLE_NS_ASSERTIONS = NO;
				ENABLE_STRICT_OBJC_MSGSEND = YES;
				GCC_C_LANGUAGE_STANDARD = gnu11;
				GCC_NO_COMMON_BLOCKS = YES;
				GCC_WARN_64_TO_32_BIT_CONVERSION = YES;
				GCC_WARN_ABOUT_RETURN_TYPE = YES_ERROR;
				GCC_WARN_UNDECLARED_SELECTOR = YES;
				GCC_WARN_UNINITIALIZED_AUTOS = YES_AGGRESSIVE;
				GCC_WARN_UNUSED_FUNCTION = YES;
				GCC_WARN_UNUSED_VARIABLE = YES;
				IPHONEOS_DEPLOYMENT_TARGET = 16.4;
				MTL_ENABLE_DEBUG_INFO = NO;
				MTL_FAST_MATH = YES;
				SDKROOT = iphoneos;
				SWIFT_COMPILATION_MODE = wholemodule;
				SWIFT_OPTIMIZATION_LEVEL = "-O";
				VALIDATE_PRODUCT = YES;
			};
			name = Release;
		};
		44DA6E0B2BBA497D004CF70E /* Debug */ = {
			isa = XCBuildConfiguration;
			buildSettings = {
				ASSETCATALOG_COMPILER_APPICON_NAME = AppIcon;
				ASSETCATALOG_COMPILER_GLOBAL_ACCENT_COLOR_NAME = AccentColor;
				CODE_SIGN_STYLE = Automatic;
				CURRENT_PROJECT_VERSION = 1;
				DEVELOPMENT_ASSET_PATHS = "\"voiceMemo/Preview Content\"";
				ENABLE_PREVIEWS = YES;
				GENERATE_INFOPLIST_FILE = YES;
				INFOPLIST_KEY_UIApplicationSceneManifest_Generation = YES;
				INFOPLIST_KEY_UIApplicationSupportsIndirectInputEvents = YES;
				INFOPLIST_KEY_UILaunchStoryboardName = LaunchScreen;
				INFOPLIST_KEY_UIStatusBarStyle = UIStatusBarStyleLightContent;
				INFOPLIST_KEY_UISupportedInterfaceOrientations = UIInterfaceOrientationPortrait;
				IPHONEOS_DEPLOYMENT_TARGET = 16.0;
				LD_RUNPATH_SEARCH_PATHS = (
					"$(inherited)",
					"@executable_path/Frameworks",
				);
				MARKETING_VERSION = 1.0;
				PRODUCT_BUNDLE_IDENTIFIER = net.mary.voiceMemo;
				PRODUCT_NAME = "$(TARGET_NAME)";
				SWIFT_EMIT_LOC_STRINGS = YES;
				SWIFT_VERSION = 5.0;
				TARGETED_DEVICE_FAMILY = "1,2";
			};
			name = Debug;
		};
		44DA6E0C2BBA497D004CF70E /* Release */ = {
			isa = XCBuildConfiguration;
			buildSettings = {
				ASSETCATALOG_COMPILER_APPICON_NAME = AppIcon;
				ASSETCATALOG_COMPILER_GLOBAL_ACCENT_COLOR_NAME = AccentColor;
				CODE_SIGN_STYLE = Automatic;
				CURRENT_PROJECT_VERSION = 1;
				DEVELOPMENT_ASSET_PATHS = "\"voiceMemo/Preview Content\"";
				ENABLE_PREVIEWS = YES;
				GENERATE_INFOPLIST_FILE = YES;
				INFOPLIST_KEY_UIApplicationSceneManifest_Generation = YES;
				INFOPLIST_KEY_UIApplicationSupportsIndirectInputEvents = YES;
				INFOPLIST_KEY_UILaunchStoryboardName = LaunchScreen;
				INFOPLIST_KEY_UIStatusBarStyle = UIStatusBarStyleLightContent;
				INFOPLIST_KEY_UISupportedInterfaceOrientations = UIInterfaceOrientationPortrait;
				IPHONEOS_DEPLOYMENT_TARGET = 16.0;
				LD_RUNPATH_SEARCH_PATHS = (
					"$(inherited)",
					"@executable_path/Frameworks",
				);
				MARKETING_VERSION = 1.0;
				PRODUCT_BUNDLE_IDENTIFIER = net.mary.voiceMemo;
				PRODUCT_NAME = "$(TARGET_NAME)";
				SWIFT_EMIT_LOC_STRINGS = YES;
				SWIFT_VERSION = 5.0;
				TARGETED_DEVICE_FAMILY = "1,2";
			};
			name = Release;
		};
/* End XCBuildConfiguration section */

/* Begin XCConfigurationList section */
		44DA6DF72BBA497B004CF70E /* Build configuration list for PBXProject "voiceMemo" */ = {
			isa = XCConfigurationList;
			buildConfigurations = (
				44DA6E082BBA497D004CF70E /* Debug */,
				44DA6E092BBA497D004CF70E /* Release */,
			);
			defaultConfigurationIsVisible = 0;
			defaultConfigurationName = Release;
		};
		44DA6E0A2BBA497D004CF70E /* Build configuration list for PBXNativeTarget "voiceMemo" */ = {
			isa = XCConfigurationList;
			buildConfigurations = (
				44DA6E0B2BBA497D004CF70E /* Debug */,
				44DA6E0C2BBA497D004CF70E /* Release */,
			);
			defaultConfigurationIsVisible = 0;
			defaultConfigurationName = Release;
		};
/* End XCConfigurationList section */
	};
	rootObject = 44DA6DF42BBA497B004CF70E /* Project object */;
}
